
Microsoft Visual Studio Solution File, Format Version 12.00
# Visual Studio Version 17
VisualStudioVersion = 17.9.34728.123
MinimumVisualStudioVersion = 10.0.40219.1
Project("{FAE04EC0-301F-11D3-BF4B-00C04F79EFBC}") = "StudentAdministration", "StudentAdministration\StudentAdministration.csproj", "{765773E5-16C9-4288-BB13-6F9F7B283EDE}"
EndProject
Global
	GlobalSection(SolutionConfigurationPlatforms) = preSolution
		Debug|Any CPU = Debug|Any CPU
		Release|Any CPU = Release|Any CPU
	EndGlobalSection
	GlobalSection(ProjectConfigurationPlatforms) = postSolution
		{765773E5-16C9-4288-BB13-6F9F7B283EDE}.Debug|Any CPU.ActiveCfg = Debug|Any CPU
		{765773E5-16C9-4288-BB13-6F9F7B283EDE}.Debug|Any CPU.Build.0 = Debug|Any CPU
		{765773E5-16C9-4288-BB13-6F9F7B283EDE}.Release|Any CPU.ActiveCfg = Release|Any CPU
		{765773E5-16C9-4288-BB13-6F9F7B283EDE}.Release|Any CPU.Build.0 = Release|Any CPU
	EndGlobalSection
	GlobalSection(SolutionProperties) = preSolution
		HideSolutionNode = FALSE
	EndGlobalSection
	GlobalSection(ExtensibilityGlobals) = postSolution
		SolutionGuid = {1A33FDA1-56FA-44E3-BE33-979A1E01F3AC}
	EndGlobalSection
EndGlobal
